
Microsoft Visual Studio Solution File, Format Version 12.00
# Visual Studio Version 17
VisualStudioVersion = 17.8.34316.72
MinimumVisualStudioVersion = 10.0.40219.1
Project("{2150E333-8FDC-42A3-9474-1A3956D46DE8}") = "src", "src", "{10ECB5DF-8095-4F7A-9CAC-3F8E98804F90}"
EndProject
Project("{2150E333-8FDC-42A3-9474-1A3956D46DE8}") = "API_GateAway", "API_GateAway", "{5D2B0FF7-2A85-43D6-BBF5-9DDE86539251}"
EndProject
Project("{9A19103F-16F7-4668-BE54-9A1E7A4F7556}") = "GateAway.Api", "GateAway.Api\GateAway.Api.csproj", "{145F8F1B-7401-419A-9FB2-C879260BB699}"
EndProject
Project("{2150E333-8FDC-42A3-9474-1A3956D46DE8}") = "API_GAI", "API_GAI", "{74337DA5-A4FA-44CB-8AA4-C7B5FA086701}"
EndProject
Project("{9A19103F-16F7-4668-BE54-9A1E7A4F7556}") = "GAI.Api", "GAI.Api\GAI.Api.csproj", "{0DE926BA-DE83-4EF1-BBE8-B5F4DC0F5268}"
EndProject
Project("{9A19103F-16F7-4668-BE54-9A1E7A4F7556}") = "GAI.Domain", "GAI.Domain\GAI.Domain.csproj", "{646A8BC7-7B96-44DB-8F99-715CBB4928AC}"
EndProject
Project("{9A19103F-16F7-4668-BE54-9A1E7A4F7556}") = "GAI.Application", "GAI.Application\GAI.Application.csproj", "{D2B731DC-39E1-477F-8ADF-BD500870E6B0}"
EndProject
Project("{9A19103F-16F7-4668-BE54-9A1E7A4F7556}") = "GAI.Infastructure", "GAI.Infastructure\GAI.Infastructure.csproj", "{63FB1B22-633D-42F8-A73B-DA005D0393B9}"
EndProject
Project("{E53339B2-1760-4266-BCC7-CA923CBCF16C}") = "docker-compose", "docker-compose.dcproj", "{6EAAED59-AD81-4F39-8E26-BFFE859211F1}"
EndProject
Project("{2150E333-8FDC-42A3-9474-1A3956D46DE8}") = "API_OLX", "API_OLX", "{C1F99405-6FFB-400E-A416-D1FE3F4A279B}"
EndProject
Project("{FAE04EC0-301F-11D3-BF4B-00C04F79EFBC}") = "OLX.Api", "..\OLX.Api\OLX.Api.csproj", "{840CC989-CE26-47D7-A247-1BE165DD4CFB}"
EndProject
Project("{FAE04EC0-301F-11D3-BF4B-00C04F79EFBC}") = "OLX.Domain", "..\OLX.Domain\OLX.Domain.csproj", "{705A7E06-46DD-49A1-BDCB-2FC73AD3C0E8}"
EndProject
Project("{FAE04EC0-301F-11D3-BF4B-00C04F79EFBC}") = "OLX.Infastructure", "..\OLX.Infastructure\OLX.Infastructure.csproj", "{BE7B7E06-0C61-4A93-B351-62C2CD04A622}"
EndProject
Project("{FAE04EC0-301F-11D3-BF4B-00C04F79EFBC}") = "OLX.Application", "..\OLX.Application\OLX.Application.csproj", "{E8067A01-B17F-4CC4-8A79-632CC04F3C9A}"
EndProject
Global
	GlobalSection(SolutionConfigurationPlatforms) = preSolution
		Debug|Any CPU = Debug|Any CPU
		Release|Any CPU = Release|Any CPU
	EndGlobalSection
	GlobalSection(ProjectConfigurationPlatforms) = postSolution
		{145F8F1B-7401-419A-9FB2-C879260BB699}.Debug|Any CPU.ActiveCfg = Debug|Any CPU
		{145F8F1B-7401-419A-9FB2-C879260BB699}.Debug|Any CPU.Build.0 = Debug|Any CPU
		{145F8F1B-7401-419A-9FB2-C879260BB699}.Release|Any CPU.ActiveCfg = Release|Any CPU
		{145F8F1B-7401-419A-9FB2-C879260BB699}.Release|Any CPU.Build.0 = Release|Any CPU
		{0DE926BA-DE83-4EF1-BBE8-B5F4DC0F5268}.Debug|Any CPU.ActiveCfg = Debug|Any CPU
		{0DE926BA-DE83-4EF1-BBE8-B5F4DC0F5268}.Debug|Any CPU.Build.0 = Debug|Any CPU
		{0DE926BA-DE83-4EF1-BBE8-B5F4DC0F5268}.Release|Any CPU.ActiveCfg = Release|Any CPU
		{0DE926BA-DE83-4EF1-BBE8-B5F4DC0F5268}.Release|Any CPU.Build.0 = Release|Any CPU
		{646A8BC7-7B96-44DB-8F99-715CBB4928AC}.Debug|Any CPU.ActiveCfg = Debug|Any CPU
		{646A8BC7-7B96-44DB-8F99-715CBB4928AC}.Debug|Any CPU.Build.0 = Debug|Any CPU
		{646A8BC7-7B96-44DB-8F99-715CBB4928AC}.Release|Any CPU.ActiveCfg = Release|Any CPU
		{646A8BC7-7B96-44DB-8F99-715CBB4928AC}.Release|Any CPU.Build.0 = Release|Any CPU
		{D2B731DC-39E1-477F-8ADF-BD500870E6B0}.Debug|Any CPU.ActiveCfg = Debug|Any CPU
		{D2B731DC-39E1-477F-8ADF-BD500870E6B0}.Debug|Any CPU.Build.0 = Debug|Any CPU
		{D2B731DC-39E1-477F-8ADF-BD500870E6B0}.Release|Any CPU.ActiveCfg = Release|Any CPU
		{D2B731DC-39E1-477F-8ADF-BD500870E6B0}.Release|Any CPU.Build.0 = Release|Any CPU
		{63FB1B22-633D-42F8-A73B-DA005D0393B9}.Debug|Any CPU.ActiveCfg = Debug|Any CPU
		{63FB1B22-633D-42F8-A73B-DA005D0393B9}.Debug|Any CPU.Build.0 = Debug|Any CPU
		{63FB1B22-633D-42F8-A73B-DA005D0393B9}.Release|Any CPU.ActiveCfg = Release|Any CPU
		{63FB1B22-633D-42F8-A73B-DA005D0393B9}.Release|Any CPU.Build.0 = Release|Any CPU
		{6EAAED59-AD81-4F39-8E26-BFFE859211F1}.Debug|Any CPU.ActiveCfg = Debug|Any CPU
		{6EAAED59-AD81-4F39-8E26-BFFE859211F1}.Debug|Any CPU.Build.0 = Debug|Any CPU
		{6EAAED59-AD81-4F39-8E26-BFFE859211F1}.Release|Any CPU.ActiveCfg = Release|Any CPU
		{6EAAED59-AD81-4F39-8E26-BFFE859211F1}.Release|Any CPU.Build.0 = Release|Any CPU
		{840CC989-CE26-47D7-A247-1BE165DD4CFB}.Debug|Any CPU.ActiveCfg = Debug|Any CPU
		{840CC989-CE26-47D7-A247-1BE165DD4CFB}.Debug|Any CPU.Build.0 = Debug|Any CPU
		{840CC989-CE26-47D7-A247-1BE165DD4CFB}.Release|Any CPU.ActiveCfg = Release|Any CPU
		{840CC989-CE26-47D7-A247-1BE165DD4CFB}.Release|Any CPU.Build.0 = Release|Any CPU
		{705A7E06-46DD-49A1-BDCB-2FC73AD3C0E8}.Debug|Any CPU.ActiveCfg = Debug|Any CPU
		{705A7E06-46DD-49A1-BDCB-2FC73AD3C0E8}.Debug|Any CPU.Build.0 = Debug|Any CPU
		{705A7E06-46DD-49A1-BDCB-2FC73AD3C0E8}.Release|Any CPU.ActiveCfg = Release|Any CPU
		{705A7E06-46DD-49A1-BDCB-2FC73AD3C0E8}.Release|Any CPU.Build.0 = Release|Any CPU
		{BE7B7E06-0C61-4A93-B351-62C2CD04A622}.Debug|Any CPU.ActiveCfg = Debug|Any CPU
		{BE7B7E06-0C61-4A93-B351-62C2CD04A622}.Debug|Any CPU.Build.0 = Debug|Any CPU
		{BE7B7E06-0C61-4A93-B351-62C2CD04A622}.Release|Any CPU.ActiveCfg = Release|Any CPU
		{BE7B7E06-0C61-4A93-B351-62C2CD04A622}.Release|Any CPU.Build.0 = Release|Any CPU
		{E8067A01-B17F-4CC4-8A79-632CC04F3C9A}.Debug|Any CPU.ActiveCfg = Debug|Any CPU
		{E8067A01-B17F-4CC4-8A79-632CC04F3C9A}.Debug|Any CPU.Build.0 = Debug|Any CPU
		{E8067A01-B17F-4CC4-8A79-632CC04F3C9A}.Release|Any CPU.ActiveCfg = Release|Any CPU
		{E8067A01-B17F-4CC4-8A79-632CC04F3C9A}.Release|Any CPU.Build.0 = Release|Any CPU
	EndGlobalSection
	GlobalSection(SolutionProperties) = preSolution
		HideSolutionNode = FALSE
	EndGlobalSection
	GlobalSection(NestedProjects) = preSolution
		{5D2B0FF7-2A85-43D6-BBF5-9DDE86539251} = {10ECB5DF-8095-4F7A-9CAC-3F8E98804F90}
		{145F8F1B-7401-419A-9FB2-C879260BB699} = {5D2B0FF7-2A85-43D6-BBF5-9DDE86539251}
		{74337DA5-A4FA-44CB-8AA4-C7B5FA086701} = {10ECB5DF-8095-4F7A-9CAC-3F8E98804F90}
		{0DE926BA-DE83-4EF1-BBE8-B5F4DC0F5268} = {74337DA5-A4FA-44CB-8AA4-C7B5FA086701}
		{646A8BC7-7B96-44DB-8F99-715CBB4928AC} = {74337DA5-A4FA-44CB-8AA4-C7B5FA086701}
		{D2B731DC-39E1-477F-8ADF-BD500870E6B0} = {74337DA5-A4FA-44CB-8AA4-C7B5FA086701}
		{63FB1B22-633D-42F8-A73B-DA005D0393B9} = {74337DA5-A4FA-44CB-8AA4-C7B5FA086701}
		{C1F99405-6FFB-400E-A416-D1FE3F4A279B} = {10ECB5DF-8095-4F7A-9CAC-3F8E98804F90}
		{840CC989-CE26-47D7-A247-1BE165DD4CFB} = {C1F99405-6FFB-400E-A416-D1FE3F4A279B}
		{705A7E06-46DD-49A1-BDCB-2FC73AD3C0E8} = {C1F99405-6FFB-400E-A416-D1FE3F4A279B}
		{BE7B7E06-0C61-4A93-B351-62C2CD04A622} = {C1F99405-6FFB-400E-A416-D1FE3F4A279B}
		{E8067A01-B17F-4CC4-8A79-632CC04F3C9A} = {C1F99405-6FFB-400E-A416-D1FE3F4A279B}
	EndGlobalSection
	GlobalSection(ExtensibilityGlobals) = postSolution
		SolutionGuid = {21324D44-4D2A-468B-AE73-C9E34B56E32B}
	EndGlobalSection
EndGlobal
